
Microsoft Visual Studio Solution File, Format Version 12.00
# Visual Studio Version 17
VisualStudioVersion = 17.14.36623.8 d17.14
MinimumVisualStudioVersion = 10.0.40219.1
Project("{FAE04EC0-301F-11D3-BF4B-00C04F79EFBC}") = "work3", "work3.csproj", "{FA070BC0-1050-45D7-B646-BCD3700AE624}"
EndProject
Global
	GlobalSection(SolutionConfigurationPlatforms) = preSolution
		Debug|Any CPU = Debug|Any CPU
		Release|Any CPU = Release|Any CPU
	EndGlobalSection
	GlobalSection(ProjectConfigurationPlatforms) = postSolution
		{FA070BC0-1050-45D7-B646-BCD3700AE624}.Debug|Any CPU.ActiveCfg = Debug|Any CPU
		{FA070BC0-1050-45D7-B646-BCD3700AE624}.Debug|Any CPU.Build.0 = Debug|Any CPU
		{FA070BC0-1050-45D7-B646-BCD3700AE624}.Release|Any CPU.ActiveCfg = Release|Any CPU
		{FA070BC0-1050-45D7-B646-BCD3700AE624}.Release|Any CPU.Build.0 = Release|Any CPU
	EndGlobalSection
	GlobalSection(SolutionProperties) = preSolution
		HideSolutionNode = FALSE
	EndGlobalSection
	GlobalSection(ExtensibilityGlobals) = postSolution
		SolutionGuid = {571258C6-5EE6-4708-8201-F2DBC1099690}
	EndGlobalSection
EndGlobal
